{
  "name": "DemoApp",
  "version": "1.0.0",
  "lockfileVersion": 1,
  "requires": true,
  "dependencies": {
    "@types/arcgis-js-api": {
      "version": "4.10.0",
      "resolved": "https://registry.npmjs.org/@types/arcgis-js-api/-/arcgis-js-api-4.10.0.tgz",
      "integrity": "sha512-r8Ax7+s0+VbUw+dwROFFmdhLTeKBwECWIQQecTGDRR9VY02m8qVH++gZio52p5Av7DJi7IaYrwY3U5eU2brkxA=="
    }
  }
}
